
Microsoft Visual Studio Solution File, Format Version 12.00
# Visual Studio Version 17
VisualStudioVersion = 17.5.002.0
MinimumVisualStudioVersion = 10.0.40219.1
Project("{9A19103F-16F7-4668-BE54-9A1E7A4F7556}") = "Flow.Launcher.Plugin.StardewValleyWiki", "Flow.Launcher.Plugin.StardewValleyWiki.csproj", "{3993880C-0F6C-47E1-A578-8B2D32655777}"
EndProject
Global
	GlobalSection(SolutionConfigurationPlatforms) = preSolution
		Debug|Any CPU = Debug|Any CPU
		Release|Any CPU = Release|Any CPU
	EndGlobalSection
	GlobalSection(ProjectConfigurationPlatforms) = postSolution
		{3993880C-0F6C-47E1-A578-8B2D32655777}.Debug|Any CPU.ActiveCfg = Debug|Any CPU
		{3993880C-0F6C-47E1-A578-8B2D32655777}.Debug|Any CPU.Build.0 = Debug|Any CPU
		{3993880C-0F6C-47E1-A578-8B2D32655777}.Release|Any CPU.ActiveCfg = Release|Any CPU
		{3993880C-0F6C-47E1-A578-8B2D32655777}.Release|Any CPU.Build.0 = Release|Any CPU
	EndGlobalSection
	GlobalSection(SolutionProperties) = preSolution
		HideSolutionNode = FALSE
	EndGlobalSection
	GlobalSection(ExtensibilityGlobals) = postSolution
		SolutionGuid = {4F533893-2300-4C83-8E37-EFA0E42BC6FD}
	EndGlobalSection
EndGlobal
